<Solution>
  <Configurations>
    <BuildType Name="Debug" />
    <BuildType Name="Release" />
    <BuildType Name="Windows" />
    <Platform Name="Any CPU" />
  </Configurations>
  <Project Path="StrikeLink.Test.Suite/StrikeLinkTestSuite.csproj">
    <BuildType Solution="Windows|*" Project="Release" />
  </Project>
</Solution>
